// !$*UTF8*$!
{
	archiveVersion = 1;
	classes = {
	};
	objectVersion = 55;
	objects = {

/* Begin PBXBuildFile section */
		4364B79828128D5600B53400 /* e_String.swift in Sources */ = {isa = PBXBuildFile; fileRef = 4364B79728128D5600B53400 /* e_String.swift */; };
		4364B79E2812E85E00B53400 /* TodoRepository.swift in Sources */ = {isa = PBXBuildFile; fileRef = 4364B79D2812E85E00B53400 /* TodoRepository.swift */; };
		4391B02128112E51003165DB /* ToDoAppApp.swift in Sources */ = {isa = PBXBuildFile; fileRef = 4391B02028112E51003165DB /* ToDoAppApp.swift */; };
		4391B02528112E53003165DB /* Assets.xcassets in Resources */ = {isa = PBXBuildFile; fileRef = 4391B02428112E53003165DB /* Assets.xcassets */; };
		4391B02828112E53003165DB /* Preview Assets.xcassets in Resources */ = {isa = PBXBuildFile; fileRef = 4391B02728112E53003165DB /* Preview Assets.xcassets */; };
		4391B03128112F26003165DB /* Todo.swift in Sources */ = {isa = PBXBuildFile; fileRef = 4391B03028112F26003165DB /* Todo.swift */; };
		4391B038281131B2003165DB /* AppURL.swift in Sources */ = {isa = PBXBuildFile; fileRef = 4391B037281131B2003165DB /* AppURL.swift */; };
		4391B03A2811379C003165DB /* AppState.swift in Sources */ = {isa = PBXBuildFile; fileRef = 4391B0392811379C003165DB /* AppState.swift */; };
		4391B04628118C91003165DB /* ToDoView.swift in Sources */ = {isa = PBXBuildFile; fileRef = 4391B04528118C91003165DB /* ToDoView.swift */; };
		4391B04828118DE7003165DB /* TodoInteractor.swift in Sources */ = {isa = PBXBuildFile; fileRef = 4391B04728118DE7003165DB /* TodoInteractor.swift */; };
		4391B04A28118FE6003165DB /* ToDoCell.swift in Sources */ = {isa = PBXBuildFile; fileRef = 4391B04928118FE6003165DB /* ToDoCell.swift */; };
		4391B05028119B60003165DB /* e_Alert.swift in Sources */ = {isa = PBXBuildFile; fileRef = 4391B04F28119B60003165DB /* e_Alert.swift */; };
		4391B0562811A46A003165DB /* e_Color.swift in Sources */ = {isa = PBXBuildFile; fileRef = 4391B0552811A46A003165DB /* e_Color.swift */; };
/* End PBXBuildFile section */

/* Begin PBXFileReference section */
		4364B79728128D5600B53400 /* e_String.swift */ = {isa = PBXFileReference; lastKnownFileType = sourcecode.swift; path = e_String.swift; sourceTree = "<group>"; };
		4364B79D2812E85E00B53400 /* TodoRepository.swift */ = {isa = PBXFileReference; lastKnownFileType = sourcecode.swift; path = TodoRepository.swift; sourceTree = "<group>"; };
		4391B01D28112E51003165DB /* ToDoApp.app */ = {isa = PBXFileReference; explicitFileType = wrapper.application; includeInIndex = 0; path = ToDoApp.app; sourceTree = BUILT_PRODUCTS_DIR; };
		4391B02028112E51003165DB /* ToDoAppApp.swift */ = {isa = PBXFileReference; lastKnownFileType = sourcecode.swift; path = ToDoAppApp.swift; sourceTree = "<group>"; };
		4391B02428112E53003165DB /* Assets.xcassets */ = {isa = PBXFileReference; lastKnownFileType = folder.assetcatalog; path = Assets.xcassets; sourceTree = "<group>"; };
		4391B02728112E53003165DB /* Preview Assets.xcassets */ = {isa = PBXFileReference; lastKnownFileType = folder.assetcatalog; path = "Preview Assets.xcassets"; sourceTree = "<group>"; };
		4391B03028112F26003165DB /* Todo.swift */ = {isa = PBXFileReference; lastKnownFileType = sourcecode.swift; path = Todo.swift; sourceTree = "<group>"; };
		4391B037281131B2003165DB /* AppURL.swift */ = {isa = PBXFileReference; lastKnownFileType = sourcecode.swift; path = AppURL.swift; sourceTree = "<group>"; };
		4391B0392811379C003165DB /* AppState.swift */ = {isa = PBXFileReference; lastKnownFileType = sourcecode.swift; path = AppState.swift; sourceTree = "<group>"; };
		4391B04528118C91003165DB /* ToDoView.swift */ = {isa = PBXFileReference; lastKnownFileType = sourcecode.swift; path = ToDoView.swift; sourceTree = "<group>"; };
		4391B04728118DE7003165DB /* TodoInteractor.swift */ = {isa = PBXFileReference; lastKnownFileType = sourcecode.swift; path = TodoInteractor.swift; sourceTree = "<group>"; };
		4391B04928118FE6003165DB /* ToDoCell.swift */ = {isa = PBXFileReference; lastKnownFileType = sourcecode.swift; path = ToDoCell.swift; sourceTree = "<group>"; };
		4391B04F28119B60003165DB /* e_Alert.swift */ = {isa = PBXFileReference; lastKnownFileType = sourcecode.swift; path = e_Alert.swift; sourceTree = "<group>"; };
		4391B0552811A46A003165DB /* e_Color.swift */ = {isa = PBXFileReference; lastKnownFileType = sourcecode.swift; path = e_Color.swift; sourceTree = "<group>"; };
/* End PBXFileReference section */

/* Begin PBXFrameworksBuildPhase section */
		4391B01A28112E51003165DB /* Frameworks */ = {
			isa = PBXFrameworksBuildPhase;
			buildActionMask = 2147483647;
			files = (
			);
			runOnlyForDeploymentPostprocessing = 0;
		};
/* End PBXFrameworksBuildPhase section */

/* Begin PBXGroup section */
		4391B01428112E51003165DB = {
			isa = PBXGroup;
			children = (
				4391B01F28112E51003165DB /* ToDoApp */,
				4391B01E28112E51003165DB /* Products */,
			);
			sourceTree = "<group>";
		};
		4391B01E28112E51003165DB /* Products */ = {
			isa = PBXGroup;
			children = (
				4391B01D28112E51003165DB /* ToDoApp.app */,
			);
			name = Products;
			sourceTree = "<group>";
		};
		4391B01F28112E51003165DB /* ToDoApp */ = {
			isa = PBXGroup;
			children = (
				4391B02028112E51003165DB /* ToDoAppApp.swift */,
				4391B0392811379C003165DB /* AppState.swift */,
				4391B0362811319A003165DB /* API Service */,
				4391B03228112FE1003165DB /* View */,
				4391B03328113016003165DB /* Interactor */,
				4391B0342811301F003165DB /* Repository */,
				4391B02F28112F11003165DB /* Model */,
				4391B04E28119B41003165DB /* Extensions */,
				4391B02428112E53003165DB /* Assets.xcassets */,
				4391B02628112E53003165DB /* Preview Content */,
			);
			path = ToDoApp;
			sourceTree = "<group>";
		};
		4391B02628112E53003165DB /* Preview Content */ = {
			isa = PBXGroup;
			children = (
				4391B02728112E53003165DB /* Preview Assets.xcassets */,
			);
			path = "Preview Content";
			sourceTree = "<group>";
		};
		4391B02F28112F11003165DB /* Model */ = {
			isa = PBXGroup;
			children = (
				4391B03028112F26003165DB /* Todo.swift */,
			);
			path = Model;
			sourceTree = "<group>";
		};
		4391B03228112FE1003165DB /* View */ = {
			isa = PBXGroup;
			children = (
				4391B04228118126003165DB /* ToDos */,
			);
			path = View;
			sourceTree = "<group>";
		};
		4391B03328113016003165DB /* Interactor */ = {
			isa = PBXGroup;
			children = (
				4391B04728118DE7003165DB /* TodoInteractor.swift */,
			);
			path = Interactor;
			sourceTree = "<group>";
		};
		4391B0342811301F003165DB /* Repository */ = {
			isa = PBXGroup;
			children = (
				4364B79D2812E85E00B53400 /* TodoRepository.swift */,
			);
			path = Repository;
			sourceTree = "<group>";
		};
		4391B0362811319A003165DB /* API Service */ = {
			isa = PBXGroup;
			children = (
				4391B037281131B2003165DB /* AppURL.swift */,
			);
			path = "API Service";
			sourceTree = "<group>";
		};
		4391B04228118126003165DB /* ToDos */ = {
			isa = PBXGroup;
			children = (
				4391B04528118C91003165DB /* ToDoView.swift */,
				4391B04928118FE6003165DB /* ToDoCell.swift */,
			);
			path = ToDos;
			sourceTree = "<group>";
		};
		4391B04E28119B41003165DB /* Extensions */ = {
			isa = PBXGroup;
			children = (
				4391B04F28119B60003165DB /* e_Alert.swift */,
				4364B79728128D5600B53400 /* e_String.swift */,
				4391B0552811A46A003165DB /* e_Color.swift */,
			);
			path = Extensions;
			sourceTree = "<group>";
		};
/* End PBXGroup section */

/* Begin PBXNativeTarget section */
		4391B01C28112E51003165DB /* ToDoApp */ = {
			isa = PBXNativeTarget;
			buildConfigurationList = 4391B02B28112E53003165DB /* Build configuration list for PBXNativeTarget "ToDoApp" */;
			buildPhases = (
				4391B01928112E51003165DB /* Sources */,
				4391B01A28112E51003165DB /* Frameworks */,
				4391B01B28112E51003165DB /* Resources */,
			);
			buildRules = (
			);
			dependencies = (
			);
			name = ToDoApp;
			productName = ToDoApp;
			productReference = 4391B01D28112E51003165DB /* ToDoApp.app */;
			productType = "com.apple.product-type.application";
		};
/* End PBXNativeTarget section */

/* Begin PBXProject section */
		4391B01528112E51003165DB /* Project object */ = {
			isa = PBXProject;
			attributes = {
				BuildIndependentTargetsInParallel = 1;
				LastSwiftUpdateCheck = 1330;
				LastUpgradeCheck = 1330;
				TargetAttributes = {
					4391B01C28112E51003165DB = {
						CreatedOnToolsVersion = 13.3;
					};
				};
			};
			buildConfigurationList = 4391B01828112E51003165DB /* Build configuration list for PBXProject "ToDoApp" */;
			compatibilityVersion = "Xcode 13.0";
			developmentRegion = en;
			hasScannedForEncodings = 0;
			knownRegions = (
				en,
				Base,
			);
			mainGroup = 4391B01428112E51003165DB;
			productRefGroup = 4391B01E28112E51003165DB /* Products */;
			projectDirPath = "";
			projectRoot = "";
			targets = (
				4391B01C28112E51003165DB /* ToDoApp */,
			);
		};
/* End PBXProject section */

/* Begin PBXResourcesBuildPhase section */
		4391B01B28112E51003165DB /* Resources */ = {
			isa = PBXResourcesBuildPhase;
			buildActionMask = 2147483647;
			files = (
				4391B02828112E53003165DB /* Preview Assets.xcassets in Resources */,
				4391B02528112E53003165DB /* Assets.xcassets in Resources */,
			);
			runOnlyForDeploymentPostprocessing = 0;
		};
/* End PBXResourcesBuildPhase section */

/* Begin PBXSourcesBuildPhase section */
		4391B01928112E51003165DB /* Sources */ = {
			isa = PBXSourcesBuildPhase;
			buildActionMask = 2147483647;
			files = (
				4391B04828118DE7003165DB /* TodoInteractor.swift in Sources */,
				4391B05028119B60003165DB /* e_Alert.swift in Sources */,
				4391B03A2811379C003165DB /* AppState.swift in Sources */,
				4391B03128112F26003165DB /* Todo.swift in Sources */,
				4391B04628118C91003165DB /* ToDoView.swift in Sources */,
				4391B02128112E51003165DB /* ToDoAppApp.swift in Sources */,
				4391B0562811A46A003165DB /* e_Color.swift in Sources */,
				4391B04A28118FE6003165DB /* ToDoCell.swift in Sources */,
				4391B038281131B2003165DB /* AppURL.swift in Sources */,
				4364B79E2812E85E00B53400 /* TodoRepository.swift in Sources */,
				4364B79828128D5600B53400 /* e_String.swift in Sources */,
			);
			runOnlyForDeploymentPostprocessing = 0;
		};
/* End PBXSourcesBuildPhase section */

/* Begin XCBuildConfiguration section */
		4391B02928112E53003165DB /* Debug */ = {
			isa = XCBuildConfiguration;
			buildSettings = {
				ALWAYS_SEARCH_USER_PATHS = NO;
				CLANG_ANALYZER_NONNULL = YES;
				CLANG_ANALYZER_NUMBER_OBJECT_CONVERSION = YES_AGGRESSIVE;
				CLANG_CXX_LANGUAGE_STANDARD = "gnu++17";
				CLANG_ENABLE_MODULES = YES;
				CLANG_ENABLE_OBJC_ARC = YES;
				CLANG_ENABLE_OBJC_WEAK = YES;
				CLANG_WARN_BLOCK_CAPTURE_AUTORELEASING = YES;
				CLANG_WARN_BOOL_CONVERSION = YES;
				CLANG_WARN_COMMA = YES;
				CLANG_WARN_CONSTANT_CONVERSION = YES;
				CLANG_WARN_DEPRECATED_OBJC_IMPLEMENTATIONS = YES;
				CLANG_WARN_DIRECT_OBJC_ISA_USAGE = YES_ERROR;
				CLANG_WARN_DOCUMENTATION_COMMENTS = YES;
				CLANG_WARN_EMPTY_BODY = YES;
				CLANG_WARN_ENUM_CONVERSION = YES;
				CLANG_WARN_INFINITE_RECURSION = YES;
				CLANG_WARN_INT_CONVERSION = YES;
				CLANG_WARN_NON_LITERAL_NULL_CONVERSION = YES;
				CLANG_WARN_OBJC_IMPLICIT_RETAIN_SELF = YES;
				CLANG_WARN_OBJC_LITERAL_CONVERSION = YES;
				CLANG_WARN_OBJC_ROOT_CLASS = YES_ERROR;
				CLANG_WARN_QUOTED_INCLUDE_IN_FRAMEWORK_HEADER = YES;
				CLANG_WARN_RANGE_LOOP_ANALYSIS = YES;
				CLANG_WARN_STRICT_PROTOTYPES = YES;
				CLANG_WARN_SUSPICIOUS_MOVE = YES;
				CLANG_WARN_UNGUARDED_AVAILABILITY = YES_AGGRESSIVE;
				CLANG_WARN_UNREACHABLE_CODE = YES;
				CLANG_WARN__DUPLICATE_METHOD_MATCH = YES;
				COPY_PHASE_STRIP = NO;
				DEBUG_INFORMATION_FORMAT = dwarf;
				ENABLE_STRICT_OBJC_MSGSEND = YES;
				ENABLE_TESTABILITY = YES;
				GCC_C_LANGUAGE_STANDARD = gnu11;
				GCC_DYNAMIC_NO_PIC = NO;
				GCC_NO_COMMON_BLOCKS = YES;
				GCC_OPTIMIZATION_LEVEL = 0;
				GCC_PREPROCESSOR_DEFINITIONS = (
					"DEBUG=1",
					"$(inherited)",
				);
				GCC_WARN_64_TO_32_BIT_CONVERSION = YES;
				GCC_WARN_ABOUT_RETURN_TYPE = YES_ERROR;
				GCC_WARN_UNDECLARED_SELECTOR = YES;
				GCC_WARN_UNINITIALIZED_AUTOS = YES_AGGRESSIVE;
				GCC_WARN_UNUSED_FUNCTION = YES;
				GCC_WARN_UNUSED_VARIABLE = YES;
				IPHONEOS_DEPLOYMENT_TARGET = 15.4;
				MTL_ENABLE_DEBUG_INFO = INCLUDE_SOURCE;
				MTL_FAST_MATH = YES;
				ONLY_ACTIVE_ARCH = YES;
				SDKROOT = iphoneos;
				SWIFT_ACTIVE_COMPILATION_CONDITIONS = DEBUG;
				SWIFT_OPTIMIZATION_LEVEL = "-Onone";
			};
			name = Debug;
		};
		4391B02A28112E53003165DB /* Release */ = {
			isa = XCBuildConfiguration;
			buildSettings = {
				ALWAYS_SEARCH_USER_PATHS = NO;
				CLANG_ANALYZER_NONNULL = YES;
				CLANG_ANALYZER_NUMBER_OBJECT_CONVERSION = YES_AGGRESSIVE;
				CLANG_CXX_LANGUAGE_STANDARD = "gnu++17";
				CLANG_ENABLE_MODULES = YES;
				CLANG_ENABLE_OBJC_ARC = YES;
				CLANG_ENABLE_OBJC_WEAK = YES;
				CLANG_WARN_BLOCK_CAPTURE_AUTORELEASING = YES;
				CLANG_WARN_BOOL_CONVERSION = YES;
				CLANG_WARN_COMMA = YES;
				CLANG_WARN_CONSTANT_CONVERSION = YES;
				CLANG_WARN_DEPRECATED_OBJC_IMPLEMENTATIONS = YES;
				CLANG_WARN_DIRECT_OBJC_ISA_USAGE = YES_ERROR;
				CLANG_WARN_DOCUMENTATION_COMMENTS = YES;
				CLANG_WARN_EMPTY_BODY = YES;
				CLANG_WARN_ENUM_CONVERSION = YES;
				CLANG_WARN_INFINITE_RECURSION = YES;
				CLANG_WARN_INT_CONVERSION = YES;
				CLANG_WARN_NON_LITERAL_NULL_CONVERSION = YES;
				CLANG_WARN_OBJC_IMPLICIT_RETAIN_SELF = YES;
				CLANG_WARN_OBJC_LITERAL_CONVERSION = YES;
				CLANG_WARN_OBJC_ROOT_CLASS = YES_ERROR;
				CLANG_WARN_QUOTED_INCLUDE_IN_FRAMEWORK_HEADER = YES;
				CLANG_WARN_RANGE_LOOP_ANALYSIS = YES;
				CLANG_WARN_STRICT_PROTOTYPES = YES;
				CLANG_WARN_SUSPICIOUS_MOVE = YES;
				CLANG_WARN_UNGUARDED_AVAILABILITY = YES_AGGRESSIVE;
				CLANG_WARN_UNREACHABLE_CODE = YES;
				CLANG_WARN__DUPLICATE_METHOD_MATCH = YES;
				COPY_PHASE_STRIP = NO;
				DEBUG_INFORMATION_FORMAT = "dwarf-with-dsym";
				ENABLE_NS_ASSERTIONS = NO;
				ENABLE_STRICT_OBJC_MSGSEND = YES;
				GCC_C_LANGUAGE_STANDARD = gnu11;
				GCC_NO_COMMON_BLOCKS = YES;
				GCC_WARN_64_TO_32_BIT_CONVERSION = YES;
				GCC_WARN_ABOUT_RETURN_TYPE = YES_ERROR;
				GCC_WARN_UNDECLARED_SELECTOR = YES;
				GCC_WARN_UNINITIALIZED_AUTOS = YES_AGGRESSIVE;
				GCC_WARN_UNUSED_FUNCTION = YES;
				GCC_WARN_UNUSED_VARIABLE = YES;
				IPHONEOS_DEPLOYMENT_TARGET = 15.4;
				MTL_ENABLE_DEBUG_INFO = NO;
				MTL_FAST_MATH = YES;
				SDKROOT = iphoneos;
				SWIFT_COMPILATION_MODE = wholemodule;
				SWIFT_OPTIMIZATION_LEVEL = "-O";
				VALIDATE_PRODUCT = YES;
			};
			name = Release;
		};
		4391B02C28112E53003165DB /* Debug */ = {
			isa = XCBuildConfiguration;
			buildSettings = {
				ASSETCATALOG_COMPILER_APPICON_NAME = AppIcon;
				ASSETCATALOG_COMPILER_GLOBAL_ACCENT_COLOR_NAME = AccentColor;
				CODE_SIGN_STYLE = Automatic;
				CURRENT_PROJECT_VERSION = 1;
				DEVELOPMENT_ASSET_PATHS = "\"ToDoApp/Preview Content\"";
				ENABLE_PREVIEWS = YES;
				GENERATE_INFOPLIST_FILE = YES;
				INFOPLIST_KEY_UIApplicationSceneManifest_Generation = YES;
				INFOPLIST_KEY_UIApplicationSupportsIndirectInputEvents = YES;
				INFOPLIST_KEY_UILaunchScreen_Generation = YES;
				INFOPLIST_KEY_UISupportedInterfaceOrientations_iPad = "UIInterfaceOrientationPortrait UIInterfaceOrientationPortraitUpsideDown UIInterfaceOrientationLandscapeLeft UIInterfaceOrientationLandscapeRight";
				INFOPLIST_KEY_UISupportedInterfaceOrientations_iPhone = "UIInterfaceOrientationPortrait UIInterfaceOrientationLandscapeLeft UIInterfaceOrientationLandscapeRight";
				LD_RUNPATH_SEARCH_PATHS = (
					"$(inherited)",
					"@executable_path/Frameworks",
				);
				MARKETING_VERSION = 1.0;
				PRODUCT_BUNDLE_IDENTIFIER = com.dunice.ToDoApp;
				PRODUCT_NAME = "$(TARGET_NAME)";
				SWIFT_EMIT_LOC_STRINGS = YES;
				SWIFT_VERSION = 5.0;
				TARGETED_DEVICE_FAMILY = "1,2";
			};
			name = Debug;
		};
		4391B02D28112E53003165DB /* Release */ = {
			isa = XCBuildConfiguration;
			buildSettings = {
				ASSETCATALOG_COMPILER_APPICON_NAME = AppIcon;
				ASSETCATALOG_COMPILER_GLOBAL_ACCENT_COLOR_NAME = AccentColor;
				CODE_SIGN_STYLE = Automatic;
				CURRENT_PROJECT_VERSION = 1;
				DEVELOPMENT_ASSET_PATHS = "\"ToDoApp/Preview Content\"";
				ENABLE_PREVIEWS = YES;
				GENERATE_INFOPLIST_FILE = YES;
				INFOPLIST_KEY_UIApplicationSceneManifest_Generation = YES;
				INFOPLIST_KEY_UIApplicationSupportsIndirectInputEvents = YES;
				INFOPLIST_KEY_UILaunchScreen_Generation = YES;
				INFOPLIST_KEY_UISupportedInterfaceOrientations_iPad = "UIInterfaceOrientationPortrait UIInterfaceOrientationPortraitUpsideDown UIInterfaceOrientationLandscapeLeft UIInterfaceOrientationLandscapeRight";
				INFOPLIST_KEY_UISupportedInterfaceOrientations_iPhone = "UIInterfaceOrientationPortrait UIInterfaceOrientationLandscapeLeft UIInterfaceOrientationLandscapeRight";
				LD_RUNPATH_SEARCH_PATHS = (
					"$(inherited)",
					"@executable_path/Frameworks",
				);
				MARKETING_VERSION = 1.0;
				PRODUCT_BUNDLE_IDENTIFIER = com.dunice.ToDoApp;
				PRODUCT_NAME = "$(TARGET_NAME)";
				SWIFT_EMIT_LOC_STRINGS = YES;
				SWIFT_VERSION = 5.0;
				TARGETED_DEVICE_FAMILY = "1,2";
			};
			name = Release;
		};
/* End XCBuildConfiguration section */

/* Begin XCConfigurationList section */
		4391B01828112E51003165DB /* Build configuration list for PBXProject "ToDoApp" */ = {
			isa = XCConfigurationList;
			buildConfigurations = (
				4391B02928112E53003165DB /* Debug */,
				4391B02A28112E53003165DB /* Release */,
			);
			defaultConfigurationIsVisible = 0;
			defaultConfigurationName = Release;
		};
		4391B02B28112E53003165DB /* Build configuration list for PBXNativeTarget "ToDoApp" */ = {
			isa = XCConfigurationList;
			buildConfigurations = (
				4391B02C28112E53003165DB /* Debug */,
				4391B02D28112E53003165DB /* Release */,
			);
			defaultConfigurationIsVisible = 0;
			defaultConfigurationName = Release;
		};
/* End XCConfigurationList section */
	};
	rootObject = 4391B01528112E51003165DB /* Project object */;
}
